{
  "requires": true,
  "lockfileVersion": 1,
  "dependencies": {
    "types-registry": {
      "version": "0.1.544",
      "resolved": "https://registry.npmjs.org/types-registry/-/types-registry-0.1.544.tgz",
      "integrity": "sha512-HGHUZgmtWvru0OyygHniW1QwJTb0X0aJ0GAUSR9bxOAQFgQM0OnVZxH/AIw2FtxjO8D/dhrtziC9zmb0/6+5bw=="
    }
  }
}
